github.com/google/go-cmp v0.6.0 h1:ofyhxvXcZhMsU5ulbFiLKl/XBFqE1GSq7atu8tAmTRI=
github.com/google/go-cmp v0.6.0/go.mod h1:17dUlkBOakJ0+DkrSSNjCkIjxS6bF9zb3elmeNGIjoY=
go.felesatra.moe/sitemap v1.1.0 h1:qcuZb5ZGEmhNLvpfd7gopxw/XmA86MW/As0YtRvZx3M=
go.felesatra.moe/sitemap v1.1.0/go.mod h1:Ohm7+mAc7wNMYf20Vuwr9kD4gUqevTbxxBNQUCz4DZg=
golang.org/x/tools v0.14.0 h1:jvNa2pY0M4r62jkRQ6RwEZZyPcymeL9XZMLBbV7U2nc=
golang.org/x/tools v0.14.0/go.mod h1:uYBEerGOWcJyEORxN+Ek8+TT266gXkNlHdJBwexUsBg=
